
Microsoft Visual Studio Solution File, Format Version 12.00
# Visual Studio Version 17
VisualStudioVersion = 17.8.34511.84
MinimumVisualStudioVersion = 10.0.40219.1
Project("{888888A0-9F3D-457C-B088-3A5042F75D52}") = "project3b", "project3b.pyproj", "{013900F3-5C47-4B77-972B-9FEC36108974}"
EndProject
Global
	GlobalSection(SolutionConfigurationPlatforms) = preSolution
		Debug|Any CPU = Debug|Any CPU
		Release|Any CPU = Release|Any CPU
	EndGlobalSection
	GlobalSection(ProjectConfigurationPlatforms) = postSolution
		{013900F3-5C47-4B77-972B-9FEC36108974}.Debug|Any CPU.ActiveCfg = Debug|Any CPU
		{013900F3-5C47-4B77-972B-9FEC36108974}.Release|Any CPU.ActiveCfg = Release|Any CPU
	EndGlobalSection
	GlobalSection(SolutionProperties) = preSolution
		HideSolutionNode = FALSE
	EndGlobalSection
	GlobalSection(ExtensibilityGlobals) = postSolution
		SolutionGuid = {1744B973-33B4-4E08-8C62-3B943B4156D5}
	EndGlobalSection
EndGlobal
