
Microsoft Visual Studio Solution File, Format Version 12.00
# Visual Studio Version 17
VisualStudioVersion = 17.8.34511.84
MinimumVisualStudioVersion = 10.0.40219.1
Project("{888888A0-9F3D-457C-B088-3A5042F75D52}") = "project5.3", "project5.3.pyproj", "{F5729777-FB59-46E3-9BBF-7C9CF5421F96}"
EndProject
Global
	GlobalSection(SolutionConfigurationPlatforms) = preSolution
		Debug|Any CPU = Debug|Any CPU
		Release|Any CPU = Release|Any CPU
	EndGlobalSection
	GlobalSection(ProjectConfigurationPlatforms) = postSolution
		{F5729777-FB59-46E3-9BBF-7C9CF5421F96}.Debug|Any CPU.ActiveCfg = Debug|Any CPU
		{F5729777-FB59-46E3-9BBF-7C9CF5421F96}.Release|Any CPU.ActiveCfg = Release|Any CPU
	EndGlobalSection
	GlobalSection(SolutionProperties) = preSolution
		HideSolutionNode = FALSE
	EndGlobalSection
	GlobalSection(ExtensibilityGlobals) = postSolution
		SolutionGuid = {DE6D560C-07A5-44E6-A586-77445A35BDD9}
	EndGlobalSection
EndGlobal
